
Microsoft Visual Studio Solution File, Format Version 12.00
# Visual Studio Version 16
VisualStudioVersion = 16.0.31729.503
MinimumVisualStudioVersion = 10.0.40219.1
Project("{FAE04EC0-301F-11D3-BF4B-00C04F79EFBC}") = "BalancingSimulation", "BalancingSimulation\BalancingSimulation.csproj", "{FB35BBF2-49AD-4103-9480-3B15C4F70A64}"
EndProject
Global
	GlobalSection(SolutionConfigurationPlatforms) = preSolution
		Debug|Any CPU = Debug|Any CPU
		Release|Any CPU = Release|Any CPU
	EndGlobalSection
	GlobalSection(ProjectConfigurationPlatforms) = postSolution
		{FB35BBF2-49AD-4103-9480-3B15C4F70A64}.Debug|Any CPU.ActiveCfg = Debug|Any CPU
		{FB35BBF2-49AD-4103-9480-3B15C4F70A64}.Debug|Any CPU.Build.0 = Debug|Any CPU
		{FB35BBF2-49AD-4103-9480-3B15C4F70A64}.Release|Any CPU.ActiveCfg = Release|Any CPU
		{FB35BBF2-49AD-4103-9480-3B15C4F70A64}.Release|Any CPU.Build.0 = Release|Any CPU
	EndGlobalSection
	GlobalSection(SolutionProperties) = preSolution
		HideSolutionNode = FALSE
	EndGlobalSection
	GlobalSection(ExtensibilityGlobals) = postSolution
		SolutionGuid = {5B13A5D5-76EC-425F-A2DD-44D22138A6D4}
	EndGlobalSection
EndGlobal
